
Microsoft Visual Studio Solution File, Format Version 12.00
# Visual Studio 15
VisualStudioVersion = 15.0.27729.1
MinimumVisualStudioVersion = 10.0.40219.1
Project("{FAE04EC0-301F-11D3-BF4B-00C04F79EFBC}") = "RefereeFinder", "RefereeFinder\RefereeFinder.csproj", "{98386EC9-5BD7-41B7-8C46-E62B56D580A4}"
EndProject
Project("{9A19103F-16F7-4668-BE54-9A1E7A4F7556}") = "FirebaseNet", "FirebaseNet\FirebaseNet.csproj", "{1F6B0CE8-BCF0-4B8C-93F1-DB74E3142C99}"
EndProject
Global
	GlobalSection(SolutionConfigurationPlatforms) = preSolution
		Debug|Any CPU = Debug|Any CPU
		Release|Any CPU = Release|Any CPU
	EndGlobalSection
	GlobalSection(ProjectConfigurationPlatforms) = postSolution
		{98386EC9-5BD7-41B7-8C46-E62B56D580A4}.Debug|Any CPU.ActiveCfg = Debug|Any CPU
		{98386EC9-5BD7-41B7-8C46-E62B56D580A4}.Debug|Any CPU.Build.0 = Debug|Any CPU
		{98386EC9-5BD7-41B7-8C46-E62B56D580A4}.Release|Any CPU.ActiveCfg = Release|Any CPU
		{98386EC9-5BD7-41B7-8C46-E62B56D580A4}.Release|Any CPU.Build.0 = Release|Any CPU
		{1F6B0CE8-BCF0-4B8C-93F1-DB74E3142C99}.Debug|Any CPU.ActiveCfg = Debug|Any CPU
		{1F6B0CE8-BCF0-4B8C-93F1-DB74E3142C99}.Debug|Any CPU.Build.0 = Debug|Any CPU
		{1F6B0CE8-BCF0-4B8C-93F1-DB74E3142C99}.Release|Any CPU.ActiveCfg = Release|Any CPU
		{1F6B0CE8-BCF0-4B8C-93F1-DB74E3142C99}.Release|Any CPU.Build.0 = Release|Any CPU
	EndGlobalSection
	GlobalSection(SolutionProperties) = preSolution
		HideSolutionNode = FALSE
	EndGlobalSection
	GlobalSection(ExtensibilityGlobals) = postSolution
		SolutionGuid = {AFD2B078-43FA-42EA-8E7B-04B3021DDC41}
	EndGlobalSection
EndGlobal
