
Microsoft Visual Studio Solution File, Format Version 12.00
# Visual Studio 15
VisualStudioVersion = 15.0.27428.2002
MinimumVisualStudioVersion = 10.0.40219.1
Project("{FAE04EC0-301F-11D3-BF4B-00C04F79EFBC}") = "WebView1", "WebView1\WebView1.csproj", "{595908E2-F028-4DB4-A63B-1A99C0062A07}"
EndProject
Project("{00D1A9C2-B5F0-4AF3-8072-F6C62B433612}") = "RefFinderDB", "Database1\RefFinderDB.sqlproj", "{C7759712-405C-421B-BDA7-50A56E2782B9}"
EndProject
Global
	GlobalSection(SolutionConfigurationPlatforms) = preSolution
		Debug|Any CPU = Debug|Any CPU
		Release|Any CPU = Release|Any CPU
	EndGlobalSection
	GlobalSection(ProjectConfigurationPlatforms) = postSolution
		{595908E2-F028-4DB4-A63B-1A99C0062A07}.Debug|Any CPU.ActiveCfg = Debug|Any CPU
		{595908E2-F028-4DB4-A63B-1A99C0062A07}.Debug|Any CPU.Build.0 = Debug|Any CPU
		{595908E2-F028-4DB4-A63B-1A99C0062A07}.Debug|Any CPU.Deploy.0 = Debug|Any CPU
		{595908E2-F028-4DB4-A63B-1A99C0062A07}.Release|Any CPU.ActiveCfg = Release|Any CPU
		{595908E2-F028-4DB4-A63B-1A99C0062A07}.Release|Any CPU.Build.0 = Release|Any CPU
		{595908E2-F028-4DB4-A63B-1A99C0062A07}.Release|Any CPU.Deploy.0 = Release|Any CPU
		{C7759712-405C-421B-BDA7-50A56E2782B9}.Debug|Any CPU.ActiveCfg = Debug|Any CPU
		{C7759712-405C-421B-BDA7-50A56E2782B9}.Debug|Any CPU.Build.0 = Debug|Any CPU
		{C7759712-405C-421B-BDA7-50A56E2782B9}.Debug|Any CPU.Deploy.0 = Debug|Any CPU
		{C7759712-405C-421B-BDA7-50A56E2782B9}.Release|Any CPU.ActiveCfg = Release|Any CPU
		{C7759712-405C-421B-BDA7-50A56E2782B9}.Release|Any CPU.Build.0 = Release|Any CPU
		{C7759712-405C-421B-BDA7-50A56E2782B9}.Release|Any CPU.Deploy.0 = Release|Any CPU
	EndGlobalSection
	GlobalSection(SolutionProperties) = preSolution
		HideSolutionNode = FALSE
	EndGlobalSection
	GlobalSection(ExtensibilityGlobals) = postSolution
		SolutionGuid = {3192CE57-91AD-4E64-9597-54803E8FEE20}
	EndGlobalSection
EndGlobal
